
Microsoft Visual Studio Solution File, Format Version 12.00
# Visual Studio Version 17
VisualStudioVersion = 17.0.32126.317
MinimumVisualStudioVersion = 10.0.40219.1
Project("{9A19103F-16F7-4668-BE54-9A1E7A4F7556}") = "Library", "oop-lab7\Library.csproj", "{DBBFB455-4A46-4907-B58F-29FFBB07F2AC}"
EndProject
Project("{9A19103F-16F7-4668-BE54-9A1E7A4F7556}") = "Console1", "oop-lab7Console\Console1.csproj", "{9DD0F212-F1F1-489B-B59C-0135635EDA14}"
EndProject
Global
	GlobalSection(SolutionConfigurationPlatforms) = preSolution
		Debug|Any CPU = Debug|Any CPU
		Release|Any CPU = Release|Any CPU
	EndGlobalSection
	GlobalSection(ProjectConfigurationPlatforms) = postSolution
		{DBBFB455-4A46-4907-B58F-29FFBB07F2AC}.Debug|Any CPU.ActiveCfg = Debug|Any CPU
		{DBBFB455-4A46-4907-B58F-29FFBB07F2AC}.Debug|Any CPU.Build.0 = Debug|Any CPU
		{DBBFB455-4A46-4907-B58F-29FFBB07F2AC}.Release|Any CPU.ActiveCfg = Release|Any CPU
		{DBBFB455-4A46-4907-B58F-29FFBB07F2AC}.Release|Any CPU.Build.0 = Release|Any CPU
		{9DD0F212-F1F1-489B-B59C-0135635EDA14}.Debug|Any CPU.ActiveCfg = Debug|Any CPU
		{9DD0F212-F1F1-489B-B59C-0135635EDA14}.Debug|Any CPU.Build.0 = Debug|Any CPU
		{9DD0F212-F1F1-489B-B59C-0135635EDA14}.Release|Any CPU.ActiveCfg = Release|Any CPU
		{9DD0F212-F1F1-489B-B59C-0135635EDA14}.Release|Any CPU.Build.0 = Release|Any CPU
	EndGlobalSection
	GlobalSection(SolutionProperties) = preSolution
		HideSolutionNode = FALSE
	EndGlobalSection
	GlobalSection(ExtensibilityGlobals) = postSolution
		SolutionGuid = {A0B53AF6-BE12-44D0-855B-3B90E37CDA88}
	EndGlobalSection
EndGlobal
