
Microsoft Visual Studio Solution File, Format Version 12.00
# Visual Studio Version 17
VisualStudioVersion = 17.3.32929.385
MinimumVisualStudioVersion = 10.0.40219.1
Project("{FAE04EC0-301F-11D3-BF4B-00C04F79EFBC}") = "ConsoleApp", "ConsoleApp\ConsoleApp.csproj", "{34D9C748-6469-41D6-90B2-4C7D4D1E8B84}"
EndProject
Project("{FAE04EC0-301F-11D3-BF4B-00C04F79EFBC}") = "ClassLibrary", "ClassLibrary\ClassLibrary.csproj", "{768CDFEF-73F2-4E99-B821-EB19705B9365}"
EndProject
Global
	GlobalSection(SolutionConfigurationPlatforms) = preSolution
		Debug|Any CPU = Debug|Any CPU
		Release|Any CPU = Release|Any CPU
	EndGlobalSection
	GlobalSection(ProjectConfigurationPlatforms) = postSolution
		{34D9C748-6469-41D6-90B2-4C7D4D1E8B84}.Debug|Any CPU.ActiveCfg = Debug|Any CPU
		{34D9C748-6469-41D6-90B2-4C7D4D1E8B84}.Debug|Any CPU.Build.0 = Debug|Any CPU
		{34D9C748-6469-41D6-90B2-4C7D4D1E8B84}.Release|Any CPU.ActiveCfg = Release|Any CPU
		{34D9C748-6469-41D6-90B2-4C7D4D1E8B84}.Release|Any CPU.Build.0 = Release|Any CPU
		{768CDFEF-73F2-4E99-B821-EB19705B9365}.Debug|Any CPU.ActiveCfg = Debug|Any CPU
		{768CDFEF-73F2-4E99-B821-EB19705B9365}.Debug|Any CPU.Build.0 = Debug|Any CPU
		{768CDFEF-73F2-4E99-B821-EB19705B9365}.Release|Any CPU.ActiveCfg = Release|Any CPU
		{768CDFEF-73F2-4E99-B821-EB19705B9365}.Release|Any CPU.Build.0 = Release|Any CPU
	EndGlobalSection
	GlobalSection(SolutionProperties) = preSolution
		HideSolutionNode = FALSE
	EndGlobalSection
	GlobalSection(ExtensibilityGlobals) = postSolution
		SolutionGuid = {A87C97A5-3F3D-40C3-9BED-FCB63F1E89F2}
	EndGlobalSection
EndGlobal
