
Microsoft Visual Studio Solution File, Format Version 12.00
# Visual Studio Version 17
VisualStudioVersion = 17.3.32929.385
MinimumVisualStudioVersion = 10.0.40219.1
Project("{FAE04EC0-301F-11D3-BF4B-00C04F79EFBC}") = "LibraryClass", "LibraryClass\LibraryClass.csproj", "{6BEAEE80-BB3D-4382-9548-C6263FA2D7BD}"
EndProject
Project("{FAE04EC0-301F-11D3-BF4B-00C04F79EFBC}") = "ConsoleApp1", "ConsoleApp1\ConsoleApp1.csproj", "{7C4F3576-A067-43AA-8D02-327BA9C657E4}"
EndProject
Global
	GlobalSection(SolutionConfigurationPlatforms) = preSolution
		Debug|Any CPU = Debug|Any CPU
		Release|Any CPU = Release|Any CPU
	EndGlobalSection
	GlobalSection(ProjectConfigurationPlatforms) = postSolution
		{6BEAEE80-BB3D-4382-9548-C6263FA2D7BD}.Debug|Any CPU.ActiveCfg = Debug|Any CPU
		{6BEAEE80-BB3D-4382-9548-C6263FA2D7BD}.Debug|Any CPU.Build.0 = Debug|Any CPU
		{6BEAEE80-BB3D-4382-9548-C6263FA2D7BD}.Release|Any CPU.ActiveCfg = Release|Any CPU
		{6BEAEE80-BB3D-4382-9548-C6263FA2D7BD}.Release|Any CPU.Build.0 = Release|Any CPU
		{7C4F3576-A067-43AA-8D02-327BA9C657E4}.Debug|Any CPU.ActiveCfg = Debug|Any CPU
		{7C4F3576-A067-43AA-8D02-327BA9C657E4}.Debug|Any CPU.Build.0 = Debug|Any CPU
		{7C4F3576-A067-43AA-8D02-327BA9C657E4}.Release|Any CPU.ActiveCfg = Release|Any CPU
		{7C4F3576-A067-43AA-8D02-327BA9C657E4}.Release|Any CPU.Build.0 = Release|Any CPU
	EndGlobalSection
	GlobalSection(SolutionProperties) = preSolution
		HideSolutionNode = FALSE
	EndGlobalSection
	GlobalSection(ExtensibilityGlobals) = postSolution
		SolutionGuid = {F8EEC8D9-39AC-4D5B-9DF9-6589742DDE28}
	EndGlobalSection
EndGlobal
