
Microsoft Visual Studio Solution File, Format Version 12.00
# Visual Studio Version 17
VisualStudioVersion = 17.5.33414.496
MinimumVisualStudioVersion = 10.0.40219.1
Project("{FAE04EC0-301F-11D3-BF4B-00C04F79EFBC}") = "ConsoleApp", "ConsoleApp\ConsoleApp.csproj", "{65F37B1E-7C8B-4D91-BDAD-309B89916713}"
EndProject
Project("{FAE04EC0-301F-11D3-BF4B-00C04F79EFBC}") = "ClassLibrary", "ClassLibrary\ClassLibrary.csproj", "{911B2FB0-3BA8-4A26-BF98-A82C317B1FBB}"
EndProject
Global
	GlobalSection(SolutionConfigurationPlatforms) = preSolution
		Debug|Any CPU = Debug|Any CPU
		Release|Any CPU = Release|Any CPU
	EndGlobalSection
	GlobalSection(ProjectConfigurationPlatforms) = postSolution
		{65F37B1E-7C8B-4D91-BDAD-309B89916713}.Debug|Any CPU.ActiveCfg = Debug|Any CPU
		{65F37B1E-7C8B-4D91-BDAD-309B89916713}.Debug|Any CPU.Build.0 = Debug|Any CPU
		{65F37B1E-7C8B-4D91-BDAD-309B89916713}.Release|Any CPU.ActiveCfg = Release|Any CPU
		{65F37B1E-7C8B-4D91-BDAD-309B89916713}.Release|Any CPU.Build.0 = Release|Any CPU
		{911B2FB0-3BA8-4A26-BF98-A82C317B1FBB}.Debug|Any CPU.ActiveCfg = Debug|Any CPU
		{911B2FB0-3BA8-4A26-BF98-A82C317B1FBB}.Debug|Any CPU.Build.0 = Debug|Any CPU
		{911B2FB0-3BA8-4A26-BF98-A82C317B1FBB}.Release|Any CPU.ActiveCfg = Release|Any CPU
		{911B2FB0-3BA8-4A26-BF98-A82C317B1FBB}.Release|Any CPU.Build.0 = Release|Any CPU
	EndGlobalSection
	GlobalSection(SolutionProperties) = preSolution
		HideSolutionNode = FALSE
	EndGlobalSection
	GlobalSection(ExtensibilityGlobals) = postSolution
		SolutionGuid = {914DB626-61AD-45CA-85B2-6F37C9F3840D}
	EndGlobalSection
EndGlobal
